      $SET KEYCOMPRESS "7"
000230     SELECT TXTRAN  ASSIGN DISK
                          LOCK MANUAL
                          WITH LOCK ON MULTIPLE RECORDS
000240                    STATUS WS-STATUS
000250                    ACCESS DYNAMIC
000260                    ORGANIZATION INDEXED
000270			  RECORD TAX-KEY
000090			  ALTERNATE RECORD TAX-ACKEY =
				    TAX-ACTYPE TAX-DATE TAX-REF TAX-SEQ
				    DUPLICATES.
      $SET NOKEYCOMPRESS
